// !$*UTF8*$!
{
	archiveVersion = 1;
	classes = {
	};
	objectVersion = 56;
	objects = {

/* Begin PBXBuildFile section */
		E93F578A2A60663900E7D72A /* PotemApp.swift in Sources */ = {isa = PBXBuildFile; fileRef = E93F57892A60663900E7D72A /* PotemApp.swift */; };
		E93F578C2A60663900E7D72A /* ContentView.swift in Sources */ = {isa = PBXBuildFile; fileRef = E93F578B2A60663900E7D72A /* ContentView.swift */; };
		E93F578E2A60663900E7D72A /* Assets.xcassets in Resources */ = {isa = PBXBuildFile; fileRef = E93F578D2A60663900E7D72A /* Assets.xcassets */; };
		E93F57912A60663900E7D72A /* Preview Assets.xcassets in Resources */ = {isa = PBXBuildFile; fileRef = E93F57902A60663900E7D72A /* Preview Assets.xcassets */; };
		E93F579C2A60663A00E7D72A /* PotemTests.swift in Sources */ = {isa = PBXBuildFile; fileRef = E93F579B2A60663A00E7D72A /* PotemTests.swift */; };
		E93F57A62A60663A00E7D72A /* PotemUITests.swift in Sources */ = {isa = PBXBuildFile; fileRef = E93F57A52A60663A00E7D72A /* PotemUITests.swift */; };
		E93F57A82A60663A00E7D72A /* PotemUITestsLaunchTests.swift in Sources */ = {isa = PBXBuildFile; fileRef = E93F57A72A60663A00E7D72A /* PotemUITestsLaunchTests.swift */; };
		E9982E2C2A6C299C00EC7251 /* ActiveAppManager.swift in Sources */ = {isa = PBXBuildFile; fileRef = E9982E2B2A6C299C00EC7251 /* ActiveAppManager.swift */; };
/* End PBXBuildFile section */

/* Begin PBXContainerItemProxy section */
		E93F57982A60663A00E7D72A /* PBXContainerItemProxy */ = {
			isa = PBXContainerItemProxy;
			containerPortal = E93F577E2A60663900E7D72A /* Project object */;
			proxyType = 1;
			remoteGlobalIDString = E93F57852A60663900E7D72A;
			remoteInfo = Potem;
		};
		E93F57A22A60663A00E7D72A /* PBXContainerItemProxy */ = {
			isa = PBXContainerItemProxy;
			containerPortal = E93F577E2A60663900E7D72A /* Project object */;
			proxyType = 1;
			remoteGlobalIDString = E93F57852A60663900E7D72A;
			remoteInfo = Potem;
		};
/* End PBXContainerItemProxy section */

/* Begin PBXFileReference section */
		E93F57862A60663900E7D72A /* Potem.app */ = {isa = PBXFileReference; explicitFileType = wrapper.application; includeInIndex = 0; path = Potem.app; sourceTree = BUILT_PRODUCTS_DIR; };
		E93F57892A60663900E7D72A /* PotemApp.swift */ = {isa = PBXFileReference; lastKnownFileType = sourcecode.swift; path = PotemApp.swift; sourceTree = "<group>"; };
		E93F578B2A60663900E7D72A /* ContentView.swift */ = {isa = PBXFileReference; lastKnownFileType = sourcecode.swift; path = ContentView.swift; sourceTree = "<group>"; };
		E93F578D2A60663900E7D72A /* Assets.xcassets */ = {isa = PBXFileReference; lastKnownFileType = folder.assetcatalog; path = Assets.xcassets; sourceTree = "<group>"; };
		E93F57902A60663900E7D72A /* Preview Assets.xcassets */ = {isa = PBXFileReference; lastKnownFileType = folder.assetcatalog; path = "Preview Assets.xcassets"; sourceTree = "<group>"; };
		E93F57922A60663900E7D72A /* Potem.entitlements */ = {isa = PBXFileReference; lastKnownFileType = text.plist.entitlements; path = Potem.entitlements; sourceTree = "<group>"; };
		E93F57972A60663A00E7D72A /* PotemTests.xctest */ = {isa = PBXFileReference; explicitFileType = wrapper.cfbundle; includeInIndex = 0; path = PotemTests.xctest; sourceTree = BUILT_PRODUCTS_DIR; };
		E93F579B2A60663A00E7D72A /* PotemTests.swift */ = {isa = PBXFileReference; lastKnownFileType = sourcecode.swift; path = PotemTests.swift; sourceTree = "<group>"; };
		E93F57A12A60663A00E7D72A /* PotemUITests.xctest */ = {isa = PBXFileReference; explicitFileType = wrapper.cfbundle; includeInIndex = 0; path = PotemUITests.xctest; sourceTree = BUILT_PRODUCTS_DIR; };
		E93F57A52A60663A00E7D72A /* PotemUITests.swift */ = {isa = PBXFileReference; lastKnownFileType = sourcecode.swift; path = PotemUITests.swift; sourceTree = "<group>"; };
		E93F57A72A60663A00E7D72A /* PotemUITestsLaunchTests.swift */ = {isa = PBXFileReference; lastKnownFileType = sourcecode.swift; path = PotemUITestsLaunchTests.swift; sourceTree = "<group>"; };
		E9982E2B2A6C299C00EC7251 /* ActiveAppManager.swift */ = {isa = PBXFileReference; lastKnownFileType = sourcecode.swift; path = ActiveAppManager.swift; sourceTree = "<group>"; };
/* End PBXFileReference section */

/* Begin PBXFrameworksBuildPhase section */
		E93F57832A60663900E7D72A /* Frameworks */ = {
			isa = PBXFrameworksBuildPhase;
			buildActionMask = 2147483647;
			files = (
			);
			runOnlyForDeploymentPostprocessing = 0;
		};
		E93F57942A60663A00E7D72A /* Frameworks */ = {
			isa = PBXFrameworksBuildPhase;
			buildActionMask = 2147483647;
			files = (
			);
			runOnlyForDeploymentPostprocessing = 0;
		};
		E93F579E2A60663A00E7D72A /* Frameworks */ = {
			isa = PBXFrameworksBuildPhase;
			buildActionMask = 2147483647;
			files = (
			);
			runOnlyForDeploymentPostprocessing = 0;
		};
/* End PBXFrameworksBuildPhase section */

/* Begin PBXGroup section */
		E93F577D2A60663900E7D72A = {
			isa = PBXGroup;
			children = (
				E93F57882A60663900E7D72A /* Potem */,
				E93F579A2A60663A00E7D72A /* PotemTests */,
				E93F57A42A60663A00E7D72A /* PotemUITests */,
				E93F57872A60663900E7D72A /* Products */,
			);
			sourceTree = "<group>";
		};
		E93F57872A60663900E7D72A /* Products */ = {
			isa = PBXGroup;
			children = (
				E93F57862A60663900E7D72A /* Potem.app */,
				E93F57972A60663A00E7D72A /* PotemTests.xctest */,
				E93F57A12A60663A00E7D72A /* PotemUITests.xctest */,
			);
			name = Products;
			sourceTree = "<group>";
		};
		E93F57882A60663900E7D72A /* Potem */ = {
			isa = PBXGroup;
			children = (
				E93F57892A60663900E7D72A /* PotemApp.swift */,
				E93F578B2A60663900E7D72A /* ContentView.swift */,
				E93F578D2A60663900E7D72A /* Assets.xcassets */,
				E93F57922A60663900E7D72A /* Potem.entitlements */,
				E93F578F2A60663900E7D72A /* Preview Content */,
				E9982E2B2A6C299C00EC7251 /* ActiveAppManager.swift */,
			);
			path = Potem;
			sourceTree = "<group>";
		};
		E93F578F2A60663900E7D72A /* Preview Content */ = {
			isa = PBXGroup;
			children = (
				E93F57902A60663900E7D72A /* Preview Assets.xcassets */,
			);
			path = "Preview Content";
			sourceTree = "<group>";
		};
		E93F579A2A60663A00E7D72A /* PotemTests */ = {
			isa = PBXGroup;
			children = (
				E93F579B2A60663A00E7D72A /* PotemTests.swift */,
			);
			path = PotemTests;
			sourceTree = "<group>";
		};
		E93F57A42A60663A00E7D72A /* PotemUITests */ = {
			isa = PBXGroup;
			children = (
				E93F57A52A60663A00E7D72A /* PotemUITests.swift */,
				E93F57A72A60663A00E7D72A /* PotemUITestsLaunchTests.swift */,
			);
			path = PotemUITests;
			sourceTree = "<group>";
		};
/* End PBXGroup section */

/* Begin PBXNativeTarget section */
		E93F57852A60663900E7D72A /* Potem */ = {
			isa = PBXNativeTarget;
			buildConfigurationList = E93F57AB2A60663A00E7D72A /* Build configuration list for PBXNativeTarget "Potem" */;
			buildPhases = (
				E93F57822A60663900E7D72A /* Sources */,
				E93F57832A60663900E7D72A /* Frameworks */,
				E93F57842A60663900E7D72A /* Resources */,
			);
			buildRules = (
			);
			dependencies = (
			);
			name = Potem;
			productName = Potem;
			productReference = E93F57862A60663900E7D72A /* Potem.app */;
			productType = "com.apple.product-type.application";
		};
		E93F57962A60663A00E7D72A /* PotemTests */ = {
			isa = PBXNativeTarget;
			buildConfigurationList = E93F57AE2A60663A00E7D72A /* Build configuration list for PBXNativeTarget "PotemTests" */;
			buildPhases = (
				E93F57932A60663A00E7D72A /* Sources */,
				E93F57942A60663A00E7D72A /* Frameworks */,
				E93F57952A60663A00E7D72A /* Resources */,
			);
			buildRules = (
			);
			dependencies = (
				E93F57992A60663A00E7D72A /* PBXTargetDependency */,
			);
			name = PotemTests;
			productName = PotemTests;
			productReference = E93F57972A60663A00E7D72A /* PotemTests.xctest */;
			productType = "com.apple.product-type.bundle.unit-test";
		};
		E93F57A02A60663A00E7D72A /* PotemUITests */ = {
			isa = PBXNativeTarget;
			buildConfigurationList = E93F57B12A60663A00E7D72A /* Build configuration list for PBXNativeTarget "PotemUITests" */;
			buildPhases = (
				E93F579D2A60663A00E7D72A /* Sources */,
				E93F579E2A60663A00E7D72A /* Frameworks */,
				E93F579F2A60663A00E7D72A /* Resources */,
			);
			buildRules = (
			);
			dependencies = (
				E93F57A32A60663A00E7D72A /* PBXTargetDependency */,
			);
			name = PotemUITests;
			productName = PotemUITests;
			productReference = E93F57A12A60663A00E7D72A /* PotemUITests.xctest */;
			productType = "com.apple.product-type.bundle.ui-testing";
		};
/* End PBXNativeTarget section */

/* Begin PBXProject section */
		E93F577E2A60663900E7D72A /* Project object */ = {
			isa = PBXProject;
			attributes = {
				BuildIndependentTargetsInParallel = 1;
				LastSwiftUpdateCheck = 1430;
				LastUpgradeCheck = 1430;
				TargetAttributes = {
					E93F57852A60663900E7D72A = {
						CreatedOnToolsVersion = 14.3;
					};
					E93F57962A60663A00E7D72A = {
						CreatedOnToolsVersion = 14.3;
						TestTargetID = E93F57852A60663900E7D72A;
					};
					E93F57A02A60663A00E7D72A = {
						CreatedOnToolsVersion = 14.3;
						TestTargetID = E93F57852A60663900E7D72A;
					};
				};
			};
			buildConfigurationList = E93F57812A60663900E7D72A /* Build configuration list for PBXProject "Potem" */;
			compatibilityVersion = "Xcode 14.0";
			developmentRegion = en;
			hasScannedForEncodings = 0;
			knownRegions = (
				en,
				Base,
			);
			mainGroup = E93F577D2A60663900E7D72A;
			productRefGroup = E93F57872A60663900E7D72A /* Products */;
			projectDirPath = "";
			projectRoot = "";
			targets = (
				E93F57852A60663900E7D72A /* Potem */,
				E93F57962A60663A00E7D72A /* PotemTests */,
				E93F57A02A60663A00E7D72A /* PotemUITests */,
			);
		};
/* End PBXProject section */

/* Begin PBXResourcesBuildPhase section */
		E93F57842A60663900E7D72A /* Resources */ = {
			isa = PBXResourcesBuildPhase;
			buildActionMask = 2147483647;
			files = (
				E93F57912A60663900E7D72A /* Preview Assets.xcassets in Resources */,
				E93F578E2A60663900E7D72A /* Assets.xcassets in Resources */,
			);
			runOnlyForDeploymentPostprocessing = 0;
		};
		E93F57952A60663A00E7D72A /* Resources */ = {
			isa = PBXResourcesBuildPhase;
			buildActionMask = 2147483647;
			files = (
			);
			runOnlyForDeploymentPostprocessing = 0;
		};
		E93F579F2A60663A00E7D72A /* Resources */ = {
			isa = PBXResourcesBuildPhase;
			buildActionMask = 2147483647;
			files = (
			);
			runOnlyForDeploymentPostprocessing = 0;
		};
/* End PBXResourcesBuildPhase section */

/* Begin PBXSourcesBuildPhase section */
		E93F57822A60663900E7D72A /* Sources */ = {
			isa = PBXSourcesBuildPhase;
			buildActionMask = 2147483647;
			files = (
				E93F578C2A60663900E7D72A /* ContentView.swift in Sources */,
				E93F578A2A60663900E7D72A /* PotemApp.swift in Sources */,
				E9982E2C2A6C299C00EC7251 /* ActiveAppManager.swift in Sources */,
			);
			runOnlyForDeploymentPostprocessing = 0;
		};
		E93F57932A60663A00E7D72A /* Sources */ = {
			isa = PBXSourcesBuildPhase;
			buildActionMask = 2147483647;
			files = (
				E93F579C2A60663A00E7D72A /* PotemTests.swift in Sources */,
			);
			runOnlyForDeploymentPostprocessing = 0;
		};
		E93F579D2A60663A00E7D72A /* Sources */ = {
			isa = PBXSourcesBuildPhase;
			buildActionMask = 2147483647;
			files = (
				E93F57A82A60663A00E7D72A /* PotemUITestsLaunchTests.swift in Sources */,
				E93F57A62A60663A00E7D72A /* PotemUITests.swift in Sources */,
			);
			runOnlyForDeploymentPostprocessing = 0;
		};
/* End PBXSourcesBuildPhase section */

/* Begin PBXTargetDependency section */
		E93F57992A60663A00E7D72A /* PBXTargetDependency */ = {
			isa = PBXTargetDependency;
			target = E93F57852A60663900E7D72A /* Potem */;
			targetProxy = E93F57982A60663A00E7D72A /* PBXContainerItemProxy */;
		};
		E93F57A32A60663A00E7D72A /* PBXTargetDependency */ = {
			isa = PBXTargetDependency;
			target = E93F57852A60663900E7D72A /* Potem */;
			targetProxy = E93F57A22A60663A00E7D72A /* PBXContainerItemProxy */;
		};
/* End PBXTargetDependency section */

/* Begin XCBuildConfiguration section */
		E93F57A92A60663A00E7D72A /* Debug */ = {
			isa = XCBuildConfiguration;
			buildSettings = {
				ALWAYS_SEARCH_USER_PATHS = NO;
				CLANG_ANALYZER_NONNULL = YES;
				CLANG_ANALYZER_NUMBER_OBJECT_CONVERSION = YES_AGGRESSIVE;
				CLANG_CXX_LANGUAGE_STANDARD = "gnu++20";
				CLANG_ENABLE_MODULES = YES;
				CLANG_ENABLE_OBJC_ARC = YES;
				CLANG_ENABLE_OBJC_WEAK = YES;
				CLANG_WARN_BLOCK_CAPTURE_AUTORELEASING = YES;
				CLANG_WARN_BOOL_CONVERSION = YES;
				CLANG_WARN_COMMA = YES;
				CLANG_WARN_CONSTANT_CONVERSION = YES;
				CLANG_WARN_DEPRECATED_OBJC_IMPLEMENTATIONS = YES;
				CLANG_WARN_DIRECT_OBJC_ISA_USAGE = YES_ERROR;
				CLANG_WARN_DOCUMENTATION_COMMENTS = YES;
				CLANG_WARN_EMPTY_BODY = YES;
				CLANG_WARN_ENUM_CONVERSION = YES;
				CLANG_WARN_INFINITE_RECURSION = YES;
				CLANG_WARN_INT_CONVERSION = YES;
				CLANG_WARN_NON_LITERAL_NULL_CONVERSION = YES;
				CLANG_WARN_OBJC_IMPLICIT_RETAIN_SELF = YES;
				CLANG_WARN_OBJC_LITERAL_CONVERSION = YES;
				CLANG_WARN_OBJC_ROOT_CLASS = YES_ERROR;
				CLANG_WARN_QUOTED_INCLUDE_IN_FRAMEWORK_HEADER = YES;
				CLANG_WARN_RANGE_LOOP_ANALYSIS = YES;
				CLANG_WARN_STRICT_PROTOTYPES = YES;
				CLANG_WARN_SUSPICIOUS_MOVE = YES;
				CLANG_WARN_UNGUARDED_AVAILABILITY = YES_AGGRESSIVE;
				CLANG_WARN_UNREACHABLE_CODE = YES;
				CLANG_WARN__DUPLICATE_METHOD_MATCH = YES;
				COPY_PHASE_STRIP = NO;
				DEBUG_INFORMATION_FORMAT = dwarf;
				ENABLE_STRICT_OBJC_MSGSEND = YES;
				ENABLE_TESTABILITY = YES;
				GCC_C_LANGUAGE_STANDARD = gnu11;
				GCC_DYNAMIC_NO_PIC = NO;
				GCC_NO_COMMON_BLOCKS = YES;
				GCC_OPTIMIZATION_LEVEL = 0;
				GCC_PREPROCESSOR_DEFINITIONS = (
					"DEBUG=1",
					"$(inherited)",
				);
				GCC_WARN_64_TO_32_BIT_CONVERSION = YES;
				GCC_WARN_ABOUT_RETURN_TYPE = YES_ERROR;
				GCC_WARN_UNDECLARED_SELECTOR = YES;
				GCC_WARN_UNINITIALIZED_AUTOS = YES_AGGRESSIVE;
				GCC_WARN_UNUSED_FUNCTION = YES;
				GCC_WARN_UNUSED_VARIABLE = YES;
				MACOSX_DEPLOYMENT_TARGET = 13.3;
				MTL_ENABLE_DEBUG_INFO = INCLUDE_SOURCE;
				MTL_FAST_MATH = YES;
				ONLY_ACTIVE_ARCH = YES;
				SDKROOT = macosx;
				SWIFT_ACTIVE_COMPILATION_CONDITIONS = DEBUG;
				SWIFT_OPTIMIZATION_LEVEL = "-Onone";
			};
			name = Debug;
		};
		E93F57AA2A60663A00E7D72A /* Release */ = {
			isa = XCBuildConfiguration;
			buildSettings = {
				ALWAYS_SEARCH_USER_PATHS = NO;
				CLANG_ANALYZER_NONNULL = YES;
				CLANG_ANALYZER_NUMBER_OBJECT_CONVERSION = YES_AGGRESSIVE;
				CLANG_CXX_LANGUAGE_STANDARD = "gnu++20";
				CLANG_ENABLE_MODULES = YES;
				CLANG_ENABLE_OBJC_ARC = YES;
				CLANG_ENABLE_OBJC_WEAK = YES;
				CLANG_WARN_BLOCK_CAPTURE_AUTORELEASING = YES;
				CLANG_WARN_BOOL_CONVERSION = YES;
				CLANG_WARN_COMMA = YES;
				CLANG_WARN_CONSTANT_CONVERSION = YES;
				CLANG_WARN_DEPRECATED_OBJC_IMPLEMENTATIONS = YES;
				CLANG_WARN_DIRECT_OBJC_ISA_USAGE = YES_ERROR;
				CLANG_WARN_DOCUMENTATION_COMMENTS = YES;
				CLANG_WARN_EMPTY_BODY = YES;
				CLANG_WARN_ENUM_CONVERSION = YES;
				CLANG_WARN_INFINITE_RECURSION = YES;
				CLANG_WARN_INT_CONVERSION = YES;
				CLANG_WARN_NON_LITERAL_NULL_CONVERSION = YES;
				CLANG_WARN_OBJC_IMPLICIT_RETAIN_SELF = YES;
				CLANG_WARN_OBJC_LITERAL_CONVERSION = YES;
				CLANG_WARN_OBJC_ROOT_CLASS = YES_ERROR;
				CLANG_WARN_QUOTED_INCLUDE_IN_FRAMEWORK_HEADER = YES;
				CLANG_WARN_RANGE_LOOP_ANALYSIS = YES;
				CLANG_WARN_STRICT_PROTOTYPES = YES;
				CLANG_WARN_SUSPICIOUS_MOVE = YES;
				CLANG_WARN_UNGUARDED_AVAILABILITY = YES_AGGRESSIVE;
				CLANG_WARN_UNREACHABLE_CODE = YES;
				CLANG_WARN__DUPLICATE_METHOD_MATCH = YES;
				COPY_PHASE_STRIP = NO;
				DEBUG_INFORMATION_FORMAT = "dwarf-with-dsym";
				ENABLE_NS_ASSERTIONS = NO;
				ENABLE_STRICT_OBJC_MSGSEND = YES;
				GCC_C_LANGUAGE_STANDARD = gnu11;
				GCC_NO_COMMON_BLOCKS = YES;
				GCC_WARN_64_TO_32_BIT_CONVERSION = YES;
				GCC_WARN_ABOUT_RETURN_TYPE = YES_ERROR;
				GCC_WARN_UNDECLARED_SELECTOR = YES;
				GCC_WARN_UNINITIALIZED_AUTOS = YES_AGGRESSIVE;
				GCC_WARN_UNUSED_FUNCTION = YES;
				GCC_WARN_UNUSED_VARIABLE = YES;
				MACOSX_DEPLOYMENT_TARGET = 13.3;
				MTL_ENABLE_DEBUG_INFO = NO;
				MTL_FAST_MATH = YES;
				SDKROOT = macosx;
				SWIFT_COMPILATION_MODE = wholemodule;
				SWIFT_OPTIMIZATION_LEVEL = "-O";
			};
			name = Release;
		};
		E93F57AC2A60663A00E7D72A /* Debug */ = {
			isa = XCBuildConfiguration;
			buildSettings = {
				ASSETCATALOG_COMPILER_APPICON_NAME = AppIcon;
				ASSETCATALOG_COMPILER_GLOBAL_ACCENT_COLOR_NAME = AccentColor;
				CODE_SIGN_ENTITLEMENTS = Potem/Potem.entitlements;
				CODE_SIGN_STYLE = Automatic;
				COMBINE_HIDPI_IMAGES = YES;
				CURRENT_PROJECT_VERSION = 1;
				DEVELOPMENT_ASSET_PATHS = "\"Potem/Preview Content\"";
				DEVELOPMENT_TEAM = 3D878LN9UC;
				ENABLE_HARDENED_RUNTIME = YES;
				ENABLE_PREVIEWS = YES;
				GENERATE_INFOPLIST_FILE = YES;
				INFOPLIST_KEY_NSHumanReadableCopyright = "";
				LD_RUNPATH_SEARCH_PATHS = (
					"$(inherited)",
					"@executable_path/../Frameworks",
				);
				MARKETING_VERSION = 1.0;
				PRODUCT_BUNDLE_IDENTIFIER = com.potemteam.Potem;
				PRODUCT_NAME = "$(TARGET_NAME)";
				SWIFT_EMIT_LOC_STRINGS = YES;
				SWIFT_VERSION = 5.0;
			};
			name = Debug;
		};
		E93F57AD2A60663A00E7D72A /* Release */ = {
			isa = XCBuildConfiguration;
			buildSettings = {
				ASSETCATALOG_COMPILER_APPICON_NAME = AppIcon;
				ASSETCATALOG_COMPILER_GLOBAL_ACCENT_COLOR_NAME = AccentColor;
				CODE_SIGN_ENTITLEMENTS = Potem/Potem.entitlements;
				CODE_SIGN_STYLE = Automatic;
				COMBINE_HIDPI_IMAGES = YES;
				CURRENT_PROJECT_VERSION = 1;
				DEVELOPMENT_ASSET_PATHS = "\"Potem/Preview Content\"";
				DEVELOPMENT_TEAM = 3D878LN9UC;
				ENABLE_HARDENED_RUNTIME = YES;
				ENABLE_PREVIEWS = YES;
				GENERATE_INFOPLIST_FILE = YES;
				INFOPLIST_KEY_NSHumanReadableCopyright = "";
				LD_RUNPATH_SEARCH_PATHS = (
					"$(inherited)",
					"@executable_path/../Frameworks",
				);
				MARKETING_VERSION = 1.0;
				PRODUCT_BUNDLE_IDENTIFIER = com.potemteam.Potem;
				PRODUCT_NAME = "$(TARGET_NAME)";
				SWIFT_EMIT_LOC_STRINGS = YES;
				SWIFT_VERSION = 5.0;
			};
			name = Release;
		};
		E93F57AF2A60663A00E7D72A /* Debug */ = {
			isa = XCBuildConfiguration;
			buildSettings = {
				ALWAYS_EMBED_SWIFT_STANDARD_LIBRARIES = YES;
				BUNDLE_LOADER = "$(TEST_HOST)";
				CODE_SIGN_STYLE = Automatic;
				CURRENT_PROJECT_VERSION = 1;
				DEVELOPMENT_TEAM = 3D878LN9UC;
				GENERATE_INFOPLIST_FILE = YES;
				MACOSX_DEPLOYMENT_TARGET = 13.3;
				MARKETING_VERSION = 1.0;
				PRODUCT_BUNDLE_IDENTIFIER = com.potemteam.PotemTests;
				PRODUCT_NAME = "$(TARGET_NAME)";
				SWIFT_EMIT_LOC_STRINGS = NO;
				SWIFT_VERSION = 5.0;
				TEST_HOST = "$(BUILT_PRODUCTS_DIR)/Potem.app/$(BUNDLE_EXECUTABLE_FOLDER_PATH)/Potem";
			};
			name = Debug;
		};
		E93F57B02A60663A00E7D72A /* Release */ = {
			isa = XCBuildConfiguration;
			buildSettings = {
				ALWAYS_EMBED_SWIFT_STANDARD_LIBRARIES = YES;
				BUNDLE_LOADER = "$(TEST_HOST)";
				CODE_SIGN_STYLE = Automatic;
				CURRENT_PROJECT_VERSION = 1;
				DEVELOPMENT_TEAM = 3D878LN9UC;
				GENERATE_INFOPLIST_FILE = YES;
				MACOSX_DEPLOYMENT_TARGET = 13.3;
				MARKETING_VERSION = 1.0;
				PRODUCT_BUNDLE_IDENTIFIER = com.potemteam.PotemTests;
				PRODUCT_NAME = "$(TARGET_NAME)";
				SWIFT_EMIT_LOC_STRINGS = NO;
				SWIFT_VERSION = 5.0;
				TEST_HOST = "$(BUILT_PRODUCTS_DIR)/Potem.app/$(BUNDLE_EXECUTABLE_FOLDER_PATH)/Potem";
			};
			name = Release;
		};
		E93F57B22A60663A00E7D72A /* Debug */ = {
			isa = XCBuildConfiguration;
			buildSettings = {
				ALWAYS_EMBED_SWIFT_STANDARD_LIBRARIES = YES;
				CODE_SIGN_STYLE = Automatic;
				CURRENT_PROJECT_VERSION = 1;
				DEVELOPMENT_TEAM = 3D878LN9UC;
				GENERATE_INFOPLIST_FILE = YES;
				MARKETING_VERSION = 1.0;
				PRODUCT_BUNDLE_IDENTIFIER = com.potemteam.PotemUITests;
				PRODUCT_NAME = "$(TARGET_NAME)";
				SWIFT_EMIT_LOC_STRINGS = NO;
				SWIFT_VERSION = 5.0;
				TEST_TARGET_NAME = Potem;
			};
			name = Debug;
		};
		E93F57B32A60663A00E7D72A /* Release */ = {
			isa = XCBuildConfiguration;
			buildSettings = {
				ALWAYS_EMBED_SWIFT_STANDARD_LIBRARIES = YES;
				CODE_SIGN_STYLE = Automatic;
				CURRENT_PROJECT_VERSION = 1;
				DEVELOPMENT_TEAM = 3D878LN9UC;
				GENERATE_INFOPLIST_FILE = YES;
				MARKETING_VERSION = 1.0;
				PRODUCT_BUNDLE_IDENTIFIER = com.potemteam.PotemUITests;
				PRODUCT_NAME = "$(TARGET_NAME)";
				SWIFT_EMIT_LOC_STRINGS = NO;
				SWIFT_VERSION = 5.0;
				TEST_TARGET_NAME = Potem;
			};
			name = Release;
		};
/* End XCBuildConfiguration section */

/* Begin XCConfigurationList section */
		E93F57812A60663900E7D72A /* Build configuration list for PBXProject "Potem" */ = {
			isa = XCConfigurationList;
			buildConfigurations = (
				E93F57A92A60663A00E7D72A /* Debug */,
				E93F57AA2A60663A00E7D72A /* Release */,
			);
			defaultConfigurationIsVisible = 0;
			defaultConfigurationName = Release;
		};
		E93F57AB2A60663A00E7D72A /* Build configuration list for PBXNativeTarget "Potem" */ = {
			isa = XCConfigurationList;
			buildConfigurations = (
				E93F57AC2A60663A00E7D72A /* Debug */,
				E93F57AD2A60663A00E7D72A /* Release */,
			);
			defaultConfigurationIsVisible = 0;
			defaultConfigurationName = Release;
		};
		E93F57AE2A60663A00E7D72A /* Build configuration list for PBXNativeTarget "PotemTests" */ = {
			isa = XCConfigurationList;
			buildConfigurations = (
				E93F57AF2A60663A00E7D72A /* Debug */,
				E93F57B02A60663A00E7D72A /* Release */,
			);
			defaultConfigurationIsVisible = 0;
			defaultConfigurationName = Release;
		};
		E93F57B12A60663A00E7D72A /* Build configuration list for PBXNativeTarget "PotemUITests" */ = {
			isa = XCConfigurationList;
			buildConfigurations = (
				E93F57B22A60663A00E7D72A /* Debug */,
				E93F57B32A60663A00E7D72A /* Release */,
			);
			defaultConfigurationIsVisible = 0;
			defaultConfigurationName = Release;
		};
/* End XCConfigurationList section */
	};
	rootObject = E93F577E2A60663900E7D72A /* Project object */;
}
